
Microsoft Visual Studio Solution File, Format Version 12.00
# Visual Studio Version 17
VisualStudioVersion = 17.9.34723.18
MinimumVisualStudioVersion = 10.0.40219.1
Project("{888888A0-9F3D-457C-B088-3A5042F75D52}") = "TelegramBot", "TelegramBot\TelegramBot.pyproj", "{3A3CD9C3-6428-421C-873C-C916F5975CF1}"
EndProject
Project("{2150E333-8FDC-42A3-9474-1A3956D46DE8}") = "Элементы решения", "Элементы решения", "{AF1F8B2C-F867-4A53-BA43-E3C7A6E3F943}"
	ProjectSection(SolutionItems) = preProject
		TelegramBot\credentials.json = TelegramBot\credentials.json
	EndProjectSection
EndProject
Global
	GlobalSection(SolutionConfigurationPlatforms) = preSolution
		Debug|Any CPU = Debug|Any CPU
		Release|Any CPU = Release|Any CPU
	EndGlobalSection
	GlobalSection(ProjectConfigurationPlatforms) = postSolution
		{3A3CD9C3-6428-421C-873C-C916F5975CF1}.Debug|Any CPU.ActiveCfg = Debug|Any CPU
		{3A3CD9C3-6428-421C-873C-C916F5975CF1}.Release|Any CPU.ActiveCfg = Release|Any CPU
	EndGlobalSection
	GlobalSection(SolutionProperties) = preSolution
		HideSolutionNode = FALSE
	EndGlobalSection
	GlobalSection(ExtensibilityGlobals) = postSolution
		SolutionGuid = {7772E924-E3D8-4C71-A5CE-105421389BF9}
	EndGlobalSection
EndGlobal
